
Microsoft Visual Studio Solution File, Format Version 12.00
# Visual Studio 15
VisualStudioVersion = 15.0.28010.2016
MinimumVisualStudioVersion = 10.0.40219.1
Project("{FAE04EC0-301F-11D3-BF4B-00C04F79EFBC}") = "ComputerScience", "ComputerScience\ComputerScience.csproj", "{5DBB70C7-E058-4751-AEE4-B6422A251257}"
EndProject
Global
	GlobalSection(SolutionConfigurationPlatforms) = preSolution
		Debug|Any CPU = Debug|Any CPU
		Release|Any CPU = Release|Any CPU
	EndGlobalSection
	GlobalSection(ProjectConfigurationPlatforms) = postSolution
		{5DBB70C7-E058-4751-AEE4-B6422A251257}.Debug|Any CPU.ActiveCfg = Debug|Any CPU
		{5DBB70C7-E058-4751-AEE4-B6422A251257}.Debug|Any CPU.Build.0 = Debug|Any CPU
		{5DBB70C7-E058-4751-AEE4-B6422A251257}.Release|Any CPU.ActiveCfg = Release|Any CPU
		{5DBB70C7-E058-4751-AEE4-B6422A251257}.Release|Any CPU.Build.0 = Release|Any CPU
	EndGlobalSection
	GlobalSection(SolutionProperties) = preSolution
		HideSolutionNode = FALSE
	EndGlobalSection
	GlobalSection(ExtensibilityGlobals) = postSolution
		SolutionGuid = {0B362435-485F-4AA4-8347-263AE349632B}
	EndGlobalSection
EndGlobal
